
Microsoft Visual Studio Solution File, Format Version 12.00
# Visual Studio 15
VisualStudioVersion = 15.0.26430.15
MinimumVisualStudioVersion = 10.0.40219.1
Project("{FAE04EC0-301F-11D3-BF4B-00C04F79EFBC}") = "PacketClient", "PacketClient\PacketClient.csproj", "{A8C0BB4E-7159-4E11-B32A-A116C389393D}"
EndProject
Project("{FAE04EC0-301F-11D3-BF4B-00C04F79EFBC}") = "PacketClientTest", "PacketClientTest\PacketClientTest.csproj", "{1A2B574A-0E02-430D-A0F8-124827B03DCC}"
EndProject
Global
	GlobalSection(SolutionConfigurationPlatforms) = preSolution
		Debug|Any CPU = Debug|Any CPU
		Release|Any CPU = Release|Any CPU
	EndGlobalSection
	GlobalSection(ProjectConfigurationPlatforms) = postSolution
		{A8C0BB4E-7159-4E11-B32A-A116C389393D}.Debug|Any CPU.ActiveCfg = Debug|Any CPU
		{A8C0BB4E-7159-4E11-B32A-A116C389393D}.Debug|Any CPU.Build.0 = Debug|Any CPU
		{A8C0BB4E-7159-4E11-B32A-A116C389393D}.Release|Any CPU.ActiveCfg = Release|Any CPU
		{A8C0BB4E-7159-4E11-B32A-A116C389393D}.Release|Any CPU.Build.0 = Release|Any CPU
		{1A2B574A-0E02-430D-A0F8-124827B03DCC}.Debug|Any CPU.ActiveCfg = Debug|Any CPU
		{1A2B574A-0E02-430D-A0F8-124827B03DCC}.Debug|Any CPU.Build.0 = Debug|Any CPU
		{1A2B574A-0E02-430D-A0F8-124827B03DCC}.Release|Any CPU.ActiveCfg = Release|Any CPU
		{1A2B574A-0E02-430D-A0F8-124827B03DCC}.Release|Any CPU.Build.0 = Release|Any CPU
	EndGlobalSection
	GlobalSection(SolutionProperties) = preSolution
		HideSolutionNode = FALSE
	EndGlobalSection
EndGlobal
